
Microsoft Visual Studio Solution File, Format Version 12.00
# Visual Studio Version 16
VisualStudioVersion = 16.0.31605.320
MinimumVisualStudioVersion = 10.0.40219.1
Project("{FAE04EC0-301F-11D3-BF4B-00C04F79EFBC}") = "GB-03-03", "GB-03-03\GB-03-03.csproj", "{B221428E-1D64-42E6-874F-365B9B98B02E}"
EndProject
Global
	GlobalSection(SolutionConfigurationPlatforms) = preSolution
		Debug|Any CPU = Debug|Any CPU
		Release|Any CPU = Release|Any CPU
	EndGlobalSection
	GlobalSection(ProjectConfigurationPlatforms) = postSolution
		{B221428E-1D64-42E6-874F-365B9B98B02E}.Debug|Any CPU.ActiveCfg = Debug|Any CPU
		{B221428E-1D64-42E6-874F-365B9B98B02E}.Debug|Any CPU.Build.0 = Debug|Any CPU
		{B221428E-1D64-42E6-874F-365B9B98B02E}.Release|Any CPU.ActiveCfg = Release|Any CPU
		{B221428E-1D64-42E6-874F-365B9B98B02E}.Release|Any CPU.Build.0 = Release|Any CPU
	EndGlobalSection
	GlobalSection(SolutionProperties) = preSolution
		HideSolutionNode = FALSE
	EndGlobalSection
	GlobalSection(ExtensibilityGlobals) = postSolution
		SolutionGuid = {370CDB3F-2F55-406D-A6D7-917CCBAF667F}
	EndGlobalSection
EndGlobal
